
Microsoft Visual Studio Solution File, Format Version 12.00
# Visual Studio 15
VisualStudioVersion = 15.0.27703.2018
MinimumVisualStudioVersion = 10.0.40219.1
Project("{9A19103F-16F7-4668-BE54-9A1E7A4F7556}") = "TransportSystem.Web", "TransportSystem.Web.csproj", "{FFA59A9A-1227-437C-B2C4-66F3A6B138B7}"
EndProject
Global
	GlobalSection(SolutionConfigurationPlatforms) = preSolution
		Debug|Any CPU = Debug|Any CPU
		Release|Any CPU = Release|Any CPU
	EndGlobalSection
	GlobalSection(ProjectConfigurationPlatforms) = postSolution
		{FFA59A9A-1227-437C-B2C4-66F3A6B138B7}.Debug|Any CPU.ActiveCfg = Debug|Any CPU
		{FFA59A9A-1227-437C-B2C4-66F3A6B138B7}.Debug|Any CPU.Build.0 = Debug|Any CPU
		{FFA59A9A-1227-437C-B2C4-66F3A6B138B7}.Release|Any CPU.ActiveCfg = Release|Any CPU
		{FFA59A9A-1227-437C-B2C4-66F3A6B138B7}.Release|Any CPU.Build.0 = Release|Any CPU
	EndGlobalSection
	GlobalSection(SolutionProperties) = preSolution
		HideSolutionNode = FALSE
	EndGlobalSection
	GlobalSection(ExtensibilityGlobals) = postSolution
		SolutionGuid = {37022C55-AA87-4EC2-BB78-A1D9BA854DE6}
	EndGlobalSection
EndGlobal
