
Microsoft Visual Studio Solution File, Format Version 12.00
# Visual Studio 15
VisualStudioVersion = 15.0.27703.2018
MinimumVisualStudioVersion = 10.0.40219.1
Project("{9A19103F-16F7-4668-BE54-9A1E7A4F7556}") = "TransportSystem.Api", "TransportSystem.Api.csproj", "{4DE69D50-F6AE-4462-B85C-B49CB904CF54}"
EndProject
Project("{FAE04EC0-301F-11D3-BF4B-00C04F79EFBC}") = "TransportSystem.Web", "..\TransportSystem.Web\TransportSystem.Web.csproj", "{DD586FEE-C20B-469D-8286-031CCF5CF0DF}"
EndProject
Global
	GlobalSection(SolutionConfigurationPlatforms) = preSolution
		Debug|Any CPU = Debug|Any CPU
		Release|Any CPU = Release|Any CPU
	EndGlobalSection
	GlobalSection(ProjectConfigurationPlatforms) = postSolution
		{4DE69D50-F6AE-4462-B85C-B49CB904CF54}.Debug|Any CPU.ActiveCfg = Debug|Any CPU
		{4DE69D50-F6AE-4462-B85C-B49CB904CF54}.Debug|Any CPU.Build.0 = Debug|Any CPU
		{4DE69D50-F6AE-4462-B85C-B49CB904CF54}.Release|Any CPU.ActiveCfg = Release|Any CPU
		{4DE69D50-F6AE-4462-B85C-B49CB904CF54}.Release|Any CPU.Build.0 = Release|Any CPU
		{DD586FEE-C20B-469D-8286-031CCF5CF0DF}.Debug|Any CPU.ActiveCfg = Debug|Any CPU
		{DD586FEE-C20B-469D-8286-031CCF5CF0DF}.Debug|Any CPU.Build.0 = Debug|Any CPU
		{DD586FEE-C20B-469D-8286-031CCF5CF0DF}.Release|Any CPU.ActiveCfg = Release|Any CPU
		{DD586FEE-C20B-469D-8286-031CCF5CF0DF}.Release|Any CPU.Build.0 = Release|Any CPU
	EndGlobalSection
	GlobalSection(SolutionProperties) = preSolution
		HideSolutionNode = FALSE
	EndGlobalSection
	GlobalSection(ExtensibilityGlobals) = postSolution
		SolutionGuid = {066EAD93-CB61-433E-9AD6-E7BFA005928E}
	EndGlobalSection
EndGlobal
